
Microsoft Visual Studio Solution File, Format Version 12.00
# Visual Studio Version 16
VisualStudioVersion = 16.0.29728.190
MinimumVisualStudioVersion = 10.0.40219.1
Project("{FAE04EC0-301F-11D3-BF4B-00C04F79EFBC}") = "Morning Work 2-4-2020", "Morning Work 2-4-2020\Morning Work 2-4-2020.csproj", "{73D95B0D-0278-45CE-92A9-05F0D19E5324}"
EndProject
Global
	GlobalSection(SolutionConfigurationPlatforms) = preSolution
		Debug|Any CPU = Debug|Any CPU
		Release|Any CPU = Release|Any CPU
	EndGlobalSection
	GlobalSection(ProjectConfigurationPlatforms) = postSolution
		{73D95B0D-0278-45CE-92A9-05F0D19E5324}.Debug|Any CPU.ActiveCfg = Debug|Any CPU
		{73D95B0D-0278-45CE-92A9-05F0D19E5324}.Debug|Any CPU.Build.0 = Debug|Any CPU
		{73D95B0D-0278-45CE-92A9-05F0D19E5324}.Release|Any CPU.ActiveCfg = Release|Any CPU
		{73D95B0D-0278-45CE-92A9-05F0D19E5324}.Release|Any CPU.Build.0 = Release|Any CPU
	EndGlobalSection
	GlobalSection(SolutionProperties) = preSolution
		HideSolutionNode = FALSE
	EndGlobalSection
	GlobalSection(ExtensibilityGlobals) = postSolution
		SolutionGuid = {18A1C73B-DFDD-4796-BD38-DE35CDAF3CBB}
	EndGlobalSection
EndGlobal
