
Microsoft Visual Studio Solution File, Format Version 12.00
# Visual Studio Version 16
VisualStudioVersion = 16.0.29728.190
MinimumVisualStudioVersion = 10.0.40219.1
Project("{FAE04EC0-301F-11D3-BF4B-00C04F79EFBC}") = "Shopping List", "Shopping List\Shopping List.csproj", "{4FA8E2AD-79E0-497B-93E8-E57BAC714C6A}"
EndProject
Project("{2150E333-8FDC-42A3-9474-1A3956D46DE8}") = "lib", "lib", "{0A2FE559-41C6-4338-9F31-C50294133A09}"
	ProjectSection(SolutionItems) = preProject
		..\Banking Application\Banking Application\bin\Debug\Utility Classes.dll = ..\Banking Application\Banking Application\bin\Debug\Utility Classes.dll
	EndProjectSection
EndProject
Project("{2150E333-8FDC-42A3-9474-1A3956D46DE8}") = "Models", "Models", "{2809F3C0-0EA5-4CBD-A8D5-CF32874833BA}"
EndProject
Project("{FAE04EC0-301F-11D3-BF4B-00C04F79EFBC}") = "BLL", "BLL\BLL.csproj", "{E8F5CD23-2A00-416C-BDF4-EB25FC715A70}"
EndProject
Project("{FAE04EC0-301F-11D3-BF4B-00C04F79EFBC}") = "DAL", "DAL\DAL.csproj", "{54AF063D-3967-436C-93DF-E9153C446C70}"
EndProject
Project("{FAE04EC0-301F-11D3-BF4B-00C04F79EFBC}") = "Product", "Product\Product.csproj", "{31239685-C94B-4515-9D05-15E9E0808B36}"
EndProject
Global
	GlobalSection(SolutionConfigurationPlatforms) = preSolution
		Debug|Any CPU = Debug|Any CPU
		Release|Any CPU = Release|Any CPU
	EndGlobalSection
	GlobalSection(ProjectConfigurationPlatforms) = postSolution
		{4FA8E2AD-79E0-497B-93E8-E57BAC714C6A}.Debug|Any CPU.ActiveCfg = Debug|Any CPU
		{4FA8E2AD-79E0-497B-93E8-E57BAC714C6A}.Debug|Any CPU.Build.0 = Debug|Any CPU
		{4FA8E2AD-79E0-497B-93E8-E57BAC714C6A}.Release|Any CPU.ActiveCfg = Release|Any CPU
		{4FA8E2AD-79E0-497B-93E8-E57BAC714C6A}.Release|Any CPU.Build.0 = Release|Any CPU
		{E8F5CD23-2A00-416C-BDF4-EB25FC715A70}.Debug|Any CPU.ActiveCfg = Debug|Any CPU
		{E8F5CD23-2A00-416C-BDF4-EB25FC715A70}.Debug|Any CPU.Build.0 = Debug|Any CPU
		{E8F5CD23-2A00-416C-BDF4-EB25FC715A70}.Release|Any CPU.ActiveCfg = Release|Any CPU
		{E8F5CD23-2A00-416C-BDF4-EB25FC715A70}.Release|Any CPU.Build.0 = Release|Any CPU
		{54AF063D-3967-436C-93DF-E9153C446C70}.Debug|Any CPU.ActiveCfg = Debug|Any CPU
		{54AF063D-3967-436C-93DF-E9153C446C70}.Debug|Any CPU.Build.0 = Debug|Any CPU
		{54AF063D-3967-436C-93DF-E9153C446C70}.Release|Any CPU.ActiveCfg = Release|Any CPU
		{54AF063D-3967-436C-93DF-E9153C446C70}.Release|Any CPU.Build.0 = Release|Any CPU
		{31239685-C94B-4515-9D05-15E9E0808B36}.Debug|Any CPU.ActiveCfg = Debug|Any CPU
		{31239685-C94B-4515-9D05-15E9E0808B36}.Debug|Any CPU.Build.0 = Debug|Any CPU
		{31239685-C94B-4515-9D05-15E9E0808B36}.Release|Any CPU.ActiveCfg = Release|Any CPU
		{31239685-C94B-4515-9D05-15E9E0808B36}.Release|Any CPU.Build.0 = Release|Any CPU
	EndGlobalSection
	GlobalSection(SolutionProperties) = preSolution
		HideSolutionNode = FALSE
	EndGlobalSection
	GlobalSection(NestedProjects) = preSolution
		{31239685-C94B-4515-9D05-15E9E0808B36} = {2809F3C0-0EA5-4CBD-A8D5-CF32874833BA}
	EndGlobalSection
	GlobalSection(ExtensibilityGlobals) = postSolution
		SolutionGuid = {A8C3DFC6-CA7C-49B0-BD3C-933680C00E57}
	EndGlobalSection
EndGlobal
