
Microsoft Visual Studio Solution File, Format Version 12.00
# Visual Studio Version 16
VisualStudioVersion = 16.0.29728.190
MinimumVisualStudioVersion = 10.0.40219.1
Project("{FAE04EC0-301F-11D3-BF4B-00C04F79EFBC}") = "FactorizorUI", "FactorizorUI\FactorizorUI.csproj", "{280599DA-B813-41BA-830F-E9FB03667045}"
EndProject
Global
	GlobalSection(SolutionConfigurationPlatforms) = preSolution
		Debug|Any CPU = Debug|Any CPU
		Release|Any CPU = Release|Any CPU
	EndGlobalSection
	GlobalSection(ProjectConfigurationPlatforms) = postSolution
		{280599DA-B813-41BA-830F-E9FB03667045}.Debug|Any CPU.ActiveCfg = Debug|Any CPU
		{280599DA-B813-41BA-830F-E9FB03667045}.Debug|Any CPU.Build.0 = Debug|Any CPU
		{280599DA-B813-41BA-830F-E9FB03667045}.Release|Any CPU.ActiveCfg = Release|Any CPU
		{280599DA-B813-41BA-830F-E9FB03667045}.Release|Any CPU.Build.0 = Release|Any CPU
	EndGlobalSection
	GlobalSection(SolutionProperties) = preSolution
		HideSolutionNode = FALSE
	EndGlobalSection
	GlobalSection(ExtensibilityGlobals) = postSolution
		SolutionGuid = {C8F51B87-98B4-4109-83EB-44D38AF32174}
	EndGlobalSection
EndGlobal
