
Microsoft Visual Studio Solution File, Format Version 12.00
# Visual Studio Version 16
VisualStudioVersion = 16.0.29728.190
MinimumVisualStudioVersion = 10.0.40219.1
Project("{FAE04EC0-301F-11D3-BF4B-00C04F79EFBC}") = "Dog Genetics", "Dog Genetics.csproj", "{3586F0BE-EB4C-466B-A1FA-3E1F71B23242}"
EndProject
Global
	GlobalSection(SolutionConfigurationPlatforms) = preSolution
		Debug|Any CPU = Debug|Any CPU
		Release|Any CPU = Release|Any CPU
	EndGlobalSection
	GlobalSection(ProjectConfigurationPlatforms) = postSolution
		{3586F0BE-EB4C-466B-A1FA-3E1F71B23242}.Debug|Any CPU.ActiveCfg = Debug|Any CPU
		{3586F0BE-EB4C-466B-A1FA-3E1F71B23242}.Debug|Any CPU.Build.0 = Debug|Any CPU
		{3586F0BE-EB4C-466B-A1FA-3E1F71B23242}.Release|Any CPU.ActiveCfg = Release|Any CPU
		{3586F0BE-EB4C-466B-A1FA-3E1F71B23242}.Release|Any CPU.Build.0 = Release|Any CPU
	EndGlobalSection
	GlobalSection(SolutionProperties) = preSolution
		HideSolutionNode = FALSE
	EndGlobalSection
	GlobalSection(ExtensibilityGlobals) = postSolution
		SolutionGuid = {B756336C-1DCE-4F40-B8D9-9D069F9DBF05}
	EndGlobalSection
EndGlobal
