
Microsoft Visual Studio Solution File, Format Version 12.00
# Visual Studio Version 16
VisualStudioVersion = 16.0.29709.97
MinimumVisualStudioVersion = 10.0.40219.1
Project("{FAE04EC0-301F-11D3-BF4B-00C04F79EFBC}") = "KnockKnock", "KnockKnock.csproj", "{B85520D0-50FA-4BDE-A559-7EEA72224BF4}"
EndProject
Global
	GlobalSection(SolutionConfigurationPlatforms) = preSolution
		Debug|Any CPU = Debug|Any CPU
		Release|Any CPU = Release|Any CPU
	EndGlobalSection
	GlobalSection(ProjectConfigurationPlatforms) = postSolution
		{B85520D0-50FA-4BDE-A559-7EEA72224BF4}.Debug|Any CPU.ActiveCfg = Debug|Any CPU
		{B85520D0-50FA-4BDE-A559-7EEA72224BF4}.Debug|Any CPU.Build.0 = Debug|Any CPU
		{B85520D0-50FA-4BDE-A559-7EEA72224BF4}.Release|Any CPU.ActiveCfg = Release|Any CPU
		{B85520D0-50FA-4BDE-A559-7EEA72224BF4}.Release|Any CPU.Build.0 = Release|Any CPU
	EndGlobalSection
	GlobalSection(SolutionProperties) = preSolution
		HideSolutionNode = FALSE
	EndGlobalSection
	GlobalSection(ExtensibilityGlobals) = postSolution
		SolutionGuid = {388BB871-3E0C-461E-AE14-F342E30012E2}
	EndGlobalSection
EndGlobal
