
Microsoft Visual Studio Solution File, Format Version 12.00
# Visual Studio Version 16
VisualStudioVersion = 16.0.29728.190
MinimumVisualStudioVersion = 10.0.40219.1
Project("{FAE04EC0-301F-11D3-BF4B-00C04F79EFBC}") = "Class Fun", "Class Fun.csproj", "{96F025AB-29F8-479D-B8D4-F9FE086C0158}"
EndProject
Global
	GlobalSection(SolutionConfigurationPlatforms) = preSolution
		Debug|Any CPU = Debug|Any CPU
		Release|Any CPU = Release|Any CPU
	EndGlobalSection
	GlobalSection(ProjectConfigurationPlatforms) = postSolution
		{96F025AB-29F8-479D-B8D4-F9FE086C0158}.Debug|Any CPU.ActiveCfg = Debug|Any CPU
		{96F025AB-29F8-479D-B8D4-F9FE086C0158}.Debug|Any CPU.Build.0 = Debug|Any CPU
		{96F025AB-29F8-479D-B8D4-F9FE086C0158}.Release|Any CPU.ActiveCfg = Release|Any CPU
		{96F025AB-29F8-479D-B8D4-F9FE086C0158}.Release|Any CPU.Build.0 = Release|Any CPU
	EndGlobalSection
	GlobalSection(SolutionProperties) = preSolution
		HideSolutionNode = FALSE
	EndGlobalSection
	GlobalSection(ExtensibilityGlobals) = postSolution
		SolutionGuid = {95C50DF5-E678-4996-91D9-EA3EB01F98D9}
	EndGlobalSection
EndGlobal
